
Microsoft Visual Studio Solution File, Format Version 12.00
# Visual Studio 15
VisualStudioVersion = 15.0.28307.852
MinimumVisualStudioVersion = 10.0.40219.1
Project("{FAE04EC0-301F-11D3-BF4B-00C04F79EFBC}") = "Model", "Model\Model.csproj", "{5EBE7C58-F57F-4FBF-9641-3984EF4FF348}"
EndProject
Project("{FAE04EC0-301F-11D3-BF4B-00C04F79EFBC}") = "Controller", "Controller\Controller.csproj", "{50C87318-FF4C-4B72-B605-DEA5C316EAC4}"
EndProject
Project("{FAE04EC0-301F-11D3-BF4B-00C04F79EFBC}") = "View", "View\View.csproj", "{3CB5DE93-BFDF-49D3-8D54-773401444E0D}"
EndProject
Project("{FAE04EC0-301F-11D3-BF4B-00C04F79EFBC}") = "Test", "Test\Test.csproj", "{90D56212-D878-4385-A1F3-45D3A4EF27DC}"
EndProject
Global
	GlobalSection(SolutionConfigurationPlatforms) = preSolution
		Debug|Any CPU = Debug|Any CPU
		Release|Any CPU = Release|Any CPU
	EndGlobalSection
	GlobalSection(ProjectConfigurationPlatforms) = postSolution
		{5EBE7C58-F57F-4FBF-9641-3984EF4FF348}.Debug|Any CPU.ActiveCfg = Debug|Any CPU
		{5EBE7C58-F57F-4FBF-9641-3984EF4FF348}.Debug|Any CPU.Build.0 = Debug|Any CPU
		{5EBE7C58-F57F-4FBF-9641-3984EF4FF348}.Release|Any CPU.ActiveCfg = Release|Any CPU
		{5EBE7C58-F57F-4FBF-9641-3984EF4FF348}.Release|Any CPU.Build.0 = Release|Any CPU
		{50C87318-FF4C-4B72-B605-DEA5C316EAC4}.Debug|Any CPU.ActiveCfg = Debug|Any CPU
		{50C87318-FF4C-4B72-B605-DEA5C316EAC4}.Debug|Any CPU.Build.0 = Debug|Any CPU
		{50C87318-FF4C-4B72-B605-DEA5C316EAC4}.Release|Any CPU.ActiveCfg = Release|Any CPU
		{50C87318-FF4C-4B72-B605-DEA5C316EAC4}.Release|Any CPU.Build.0 = Release|Any CPU
		{3CB5DE93-BFDF-49D3-8D54-773401444E0D}.Debug|Any CPU.ActiveCfg = Debug|Any CPU
		{3CB5DE93-BFDF-49D3-8D54-773401444E0D}.Debug|Any CPU.Build.0 = Debug|Any CPU
		{3CB5DE93-BFDF-49D3-8D54-773401444E0D}.Release|Any CPU.ActiveCfg = Release|Any CPU
		{3CB5DE93-BFDF-49D3-8D54-773401444E0D}.Release|Any CPU.Build.0 = Release|Any CPU
		{90D56212-D878-4385-A1F3-45D3A4EF27DC}.Debug|Any CPU.ActiveCfg = Debug|Any CPU
		{90D56212-D878-4385-A1F3-45D3A4EF27DC}.Debug|Any CPU.Build.0 = Debug|Any CPU
		{90D56212-D878-4385-A1F3-45D3A4EF27DC}.Release|Any CPU.ActiveCfg = Release|Any CPU
		{90D56212-D878-4385-A1F3-45D3A4EF27DC}.Release|Any CPU.Build.0 = Release|Any CPU
	EndGlobalSection
	GlobalSection(SolutionProperties) = preSolution
		HideSolutionNode = FALSE
	EndGlobalSection
	GlobalSection(ExtensibilityGlobals) = postSolution
		SolutionGuid = {F6F7A543-F7A6-4279-8B4E-8FCB738D0575}
	EndGlobalSection
EndGlobal
